{
  "name": "@mockport/sdk-contracts",
  "version": "0.0.0",
  "lockfileVersion": 3,
  "requires": true,
  "packages": {
    "": {
      "name": "@mockport/sdk-contracts",
      "version": "0.0.0",
      "license": "Apache-2.0",
      "devDependencies": {
        "openai": "6.42.0",
        "stripe": "22.2.1"
      },
      "engines": {
        "node": ">=24"
      }
    },
    "node_modules/openai": {
      "version": "6.42.0",
      "resolved": "https://registry.npmjs.org/openai/-/openai-6.42.0.tgz",
      "integrity": "sha512-1WFEt/uXMXOLhYRNkgJWo08Y2YNvNwpVU72K7ibrWgWpNOXd4VojXLbe6SQ4bLiUQ3Y8jz4IiyVkylJCL1DtZg==",
      "dev": true,
      "license": "Apache-2.0",
      "peerDependencies": {
        "ws": "^8.18.0",
        "zod": "^3.25 || ^4.0"
      },
      "peerDependenciesMeta": {
        "ws": {
          "optional": true
        },
        "zod": {
          "optional": true
        }
      }
    },
    "node_modules/stripe": {
      "version": "22.2.1",
      "resolved": "https://registry.npmjs.org/stripe/-/stripe-22.2.1.tgz",
      "integrity": "sha512-ULAtq25USBEx3yeN5zimEkfYVFETVMP5om25Ryr8ol11P62imaCZLBIEW78T7zm7Wg3wnZi+80S72yf3LCpNhw==",
      "dev": true,
      "license": "MIT",
      "engines": {
        "node": ">=18"
      },
      "peerDependencies": {
        "@types/node": ">=18"
      },
      "peerDependenciesMeta": {
        "@types/node": {
          "optional": true
        }
      }
    }
  }
}
