{
  "name": "@mockport/sdk-contracts",
  "version": "0.0.0",
  "lockfileVersion": 3,
  "requires": true,
  "packages": {
    "": {
      "name": "@mockport/sdk-contracts",
      "version": "0.0.0",
      "license": "Apache-2.0",
      "devDependencies": {
        "openai": "6.39.1",
        "stripe": "22.2.0"
      },
      "engines": {
        "node": ">=24"
      }
    },
    "node_modules/openai": {
      "version": "6.39.1",
      "resolved": "https://registry.npmjs.org/openai/-/openai-6.39.1.tgz",
      "integrity": "sha512-z3dO9fEWOXBzlXynVb/xZ/tujzUjFWQWn3C0n0mw6Vo0zJTbEkaN4b2cLWjhJ6haJQx8LlREoafHRl+Gu/Hl+A==",
      "dev": true,
      "license": "Apache-2.0",
      "bin": {
        "openai": "bin/cli"
      },
      "peerDependencies": {
        "ws": "^8.18.0",
        "zod": "^3.25 || ^4.0"
      },
      "peerDependenciesMeta": {
        "ws": {
          "optional": true
        },
        "zod": {
          "optional": true
        }
      }
    },
    "node_modules/stripe": {
      "version": "22.2.0",
      "resolved": "https://registry.npmjs.org/stripe/-/stripe-22.2.0.tgz",
      "integrity": "sha512-WFGpMOom9QZqso1kcnSwJsCdC1QHDlMoCOxBZRf3JraMzhkfw7dgSdD2a1CFZrqC+mzAfqeEtYILrZhWKIDruA==",
      "dev": true,
      "license": "MIT",
      "engines": {
        "node": ">=18"
      },
      "peerDependencies": {
        "@types/node": ">=18"
      },
      "peerDependenciesMeta": {
        "@types/node": {
          "optional": true
        }
      }
    }
  }
}
