{
  "name": "@mockport/sdk-contracts",
  "version": "0.0.0",
  "lockfileVersion": 3,
  "requires": true,
  "packages": {
    "": {
      "name": "@mockport/sdk-contracts",
      "version": "0.0.0",
      "license": "Apache-2.0",
      "devDependencies": {
        "openai": "6.39.0",
        "stripe": "22.1.1"
      },
      "engines": {
        "node": ">=24"
      }
    },
    "node_modules/openai": {
      "version": "6.39.0",
      "resolved": "https://registry.npmjs.org/openai/-/openai-6.39.0.tgz",
      "integrity": "sha512-O61LIsimY3acVabwvomwFhwrnN36yvHY2quIfy9keEcFytGgWeV35yLHQ6NVMLSBxRpHmcg2yuhCnlu2HT4pLQ==",
      "dev": true,
      "license": "Apache-2.0",
      "bin": {
        "openai": "bin/cli"
      },
      "peerDependencies": {
        "ws": "^8.18.0",
        "zod": "^3.25 || ^4.0"
      },
      "peerDependenciesMeta": {
        "ws": {
          "optional": true
        },
        "zod": {
          "optional": true
        }
      }
    },
    "node_modules/stripe": {
      "version": "22.1.1",
      "resolved": "https://registry.npmjs.org/stripe/-/stripe-22.1.1.tgz",
      "integrity": "sha512-cmodIYP27tBkJ8G7DuGgWw0PFuemlFZbuF3Wwr1TrjFjUa3T7NIgCe6TVwX8BO2ynu+xtTuDGfHafNDCPt9lXA==",
      "dev": true,
      "license": "MIT",
      "engines": {
        "node": ">=18"
      },
      "peerDependencies": {
        "@types/node": ">=18"
      },
      "peerDependenciesMeta": {
        "@types/node": {
          "optional": true
        }
      }
    }
  }
}
